
Microsoft Visual Studio Solution File, Format Version 11.00
# Visual Studio 2010
Project("{FAE04EC0-301F-11D3-BF4B-00C04F79EFBC}") = "oData_002", "WebApplication1\oData_002.csproj", "{C32C2ADB-B0A1-402E-B8A2-B77FD16CC960}"
EndProject
Global
	GlobalSection(SolutionConfigurationPlatforms) = preSolution
		Debug|Any CPU = Debug|Any CPU
		Release|Any CPU = Release|Any CPU
	EndGlobalSection
	GlobalSection(ProjectConfigurationPlatforms) = postSolution
		{C32C2ADB-B0A1-402E-B8A2-B77FD16CC960}.Debug|Any CPU.ActiveCfg = Debug|Any CPU
		{C32C2ADB-B0A1-402E-B8A2-B77FD16CC960}.Debug|Any CPU.Build.0 = Debug|Any CPU
		{C32C2ADB-B0A1-402E-B8A2-B77FD16CC960}.Release|Any CPU.ActiveCfg = Release|Any CPU
		{C32C2ADB-B0A1-402E-B8A2-B77FD16CC960}.Release|Any CPU.Build.0 = Release|Any CPU
	EndGlobalSection
	GlobalSection(SolutionProperties) = preSolution
		HideSolutionNode = FALSE
	EndGlobalSection
EndGlobal
